// !$*UTF8*$!
{
	archiveVersion = 1;
	classes = {
	};
	objectVersion = 48;
	objects = {

/* Begin PBXBuildFile section */
		FDCE71861FF27CD100D45025 /* AppDelegate.swift in Sources */ = {isa = PBXBuildFile; fileRef = FDCE71851FF27CD100D45025 /* AppDelegate.swift */; };
		FDCE71881FF27CD100D45025 /* ViewController.swift in Sources */ = {isa = PBXBuildFile; fileRef = FDCE71871FF27CD100D45025 /* ViewController.swift */; };
		FDCE718B1FF27CD100D45025 /* Main.storyboard in Resources */ = {isa = PBXBuildFile; fileRef = FDCE71891FF27CD100D45025 /* Main.storyboard */; };
		FDCE718D1FF27CD100D45025 /* Assets.xcassets in Resources */ = {isa = PBXBuildFile; fileRef = FDCE718C1FF27CD100D45025 /* Assets.xcassets */; };
		FDCE71901FF27CD100D45025 /* LaunchScreen.storyboard in Resources */ = {isa = PBXBuildFile; fileRef = FDCE718E1FF27CD100D45025 /* LaunchScreen.storyboard */; };
/* End PBXBuildFile section */

/* Begin PBXFileReference section */
		FDCE71821FF27CD100D45025 /* JogoDaMemoria.app */ = {isa = PBXFileReference; explicitFileType = wrapper.application; includeInIndex = 0; path = JogoDaMemoria.app; sourceTree = BUILT_PRODUCTS_DIR; };
		FDCE71851FF27CD100D45025 /* AppDelegate.swift */ = {isa = PBXFileReference; lastKnownFileType = sourcecode.swift; path = AppDelegate.swift; sourceTree = "<group>"; };
		FDCE71871FF27CD100D45025 /* ViewController.swift */ = {isa = PBXFileReference; lastKnownFileType = sourcecode.swift; path = ViewController.swift; sourceTree = "<group>"; };
		FDCE718A1FF27CD100D45025 /* Base */ = {isa = PBXFileReference; lastKnownFileType = file.storyboard; name = Base; path = Base.lproj/Main.storyboard; sourceTree = "<group>"; };
		FDCE718C1FF27CD100D45025 /* Assets.xcassets */ = {isa = PBXFileReference; lastKnownFileType = folder.assetcatalog; path = Assets.xcassets; sourceTree = "<group>"; };
		FDCE718F1FF27CD100D45025 /* Base */ = {isa = PBXFileReference; lastKnownFileType = file.storyboard; name = Base; path = Base.lproj/LaunchScreen.storyboard; sourceTree = "<group>"; };
		FDCE71911FF27CD100D45025 /* Info.plist */ = {isa = PBXFileReference; lastKnownFileType = text.plist.xml; path = Info.plist; sourceTree = "<group>"; };
/* End PBXFileReference section */

/* Begin PBXFrameworksBuildPhase section */
		FDCE717F1FF27CD100D45025 /* Frameworks */ = {
			isa = PBXFrameworksBuildPhase;
			buildActionMask = 2147483647;
			files = (
			);
			runOnlyForDeploymentPostprocessing = 0;
		};
/* End PBXFrameworksBuildPhase section */

/* Begin PBXGroup section */
		FDCE71791FF27CD100D45025 = {
			isa = PBXGroup;
			children = (
				FDCE71841FF27CD100D45025 /* JogoDaMemoria */,
				FDCE71831FF27CD100D45025 /* Products */,
			);
			sourceTree = "<group>";
		};
		FDCE71831FF27CD100D45025 /* Products */ = {
			isa = PBXGroup;
			children = (
				FDCE71821FF27CD100D45025 /* JogoDaMemoria.app */,
			);
			name = Products;
			sourceTree = "<group>";
		};
		FDCE71841FF27CD100D45025 /* JogoDaMemoria */ = {
			isa = PBXGroup;
			children = (
				FDCE71871FF27CD100D45025 /* ViewController.swift */,
				FDCE71891FF27CD100D45025 /* Main.storyboard */,
				FDCE71971FF27F2500D45025 /* Supporting Files */,
				FDCE71911FF27CD100D45025 /* Info.plist */,
			);
			path = JogoDaMemoria;
			sourceTree = "<group>";
		};
		FDCE71971FF27F2500D45025 /* Supporting Files */ = {
			isa = PBXGroup;
			children = (
				FDCE71851FF27CD100D45025 /* AppDelegate.swift */,
				FDCE718C1FF27CD100D45025 /* Assets.xcassets */,
				FDCE718E1FF27CD100D45025 /* LaunchScreen.storyboard */,
			);
			path = "Supporting Files";
			sourceTree = "<group>";
		};
/* End PBXGroup section */

/* Begin PBXNativeTarget section */
		FDCE71811FF27CD100D45025 /* JogoDaMemoria */ = {
			isa = PBXNativeTarget;
			buildConfigurationList = FDCE71941FF27CD100D45025 /* Build configuration list for PBXNativeTarget "JogoDaMemoria" */;
			buildPhases = (
				FDCE717E1FF27CD100D45025 /* Sources */,
				FDCE717F1FF27CD100D45025 /* Frameworks */,
				FDCE71801FF27CD100D45025 /* Resources */,
			);
			buildRules = (
			);
			dependencies = (
			);
			name = JogoDaMemoria;
			productName = JogoDaMemoria;
			productReference = FDCE71821FF27CD100D45025 /* JogoDaMemoria.app */;
			productType = "com.apple.product-type.application";
		};
/* End PBXNativeTarget section */

/* Begin PBXProject section */
		FDCE717A1FF27CD100D45025 /* Project object */ = {
			isa = PBXProject;
			attributes = {
				LastSwiftUpdateCheck = 0920;
				LastUpgradeCheck = 0920;
				ORGANIZATIONNAME = "Rodrigo Filomeno";
				TargetAttributes = {
					FDCE71811FF27CD100D45025 = {
						CreatedOnToolsVersion = 9.2;
						ProvisioningStyle = Automatic;
					};
				};
			};
			buildConfigurationList = FDCE717D1FF27CD100D45025 /* Build configuration list for PBXProject "JogoDaMemoria" */;
			compatibilityVersion = "Xcode 8.0";
			developmentRegion = en;
			hasScannedForEncodings = 0;
			knownRegions = (
				en,
				Base,
			);
			mainGroup = FDCE71791FF27CD100D45025;
			productRefGroup = FDCE71831FF27CD100D45025 /* Products */;
			projectDirPath = "";
			projectRoot = "";
			targets = (
				FDCE71811FF27CD100D45025 /* JogoDaMemoria */,
			);
		};
/* End PBXProject section */

/* Begin PBXResourcesBuildPhase section */
		FDCE71801FF27CD100D45025 /* Resources */ = {
			isa = PBXResourcesBuildPhase;
			buildActionMask = 2147483647;
			files = (
				FDCE71901FF27CD100D45025 /* LaunchScreen.storyboard in Resources */,
				FDCE718D1FF27CD100D45025 /* Assets.xcassets in Resources */,
				FDCE718B1FF27CD100D45025 /* Main.storyboard in Resources */,
			);
			runOnlyForDeploymentPostprocessing = 0;
		};
/* End PBXResourcesBuildPhase section */

/* Begin PBXSourcesBuildPhase section */
		FDCE717E1FF27CD100D45025 /* Sources */ = {
			isa = PBXSourcesBuildPhase;
			buildActionMask = 2147483647;
			files = (
				FDCE71881FF27CD100D45025 /* ViewController.swift in Sources */,
				FDCE71861FF27CD100D45025 /* AppDelegate.swift in Sources */,
			);
			runOnlyForDeploymentPostprocessing = 0;
		};
/* End PBXSourcesBuildPhase section */

/* Begin PBXVariantGroup section */
		FDCE71891FF27CD100D45025 /* Main.storyboard */ = {
			isa = PBXVariantGroup;
			children = (
				FDCE718A1FF27CD100D45025 /* Base */,
			);
			name = Main.storyboard;
			sourceTree = "<group>";
		};
		FDCE718E1FF27CD100D45025 /* LaunchScreen.storyboard */ = {
			isa = PBXVariantGroup;
			children = (
				FDCE718F1FF27CD100D45025 /* Base */,
			);
			name = LaunchScreen.storyboard;
			sourceTree = "<group>";
		};
/* End PBXVariantGroup section */

/* Begin XCBuildConfiguration section */
		FDCE71921FF27CD100D45025 /* Debug */ = {
			isa = XCBuildConfiguration;
			buildSettings = {
				ALWAYS_SEARCH_USER_PATHS = NO;
				CLANG_ANALYZER_NONNULL = YES;
				CLANG_ANALYZER_NUMBER_OBJECT_CONVERSION = YES_AGGRESSIVE;
				CLANG_CXX_LANGUAGE_STANDARD = "gnu++14";
				CLANG_CXX_LIBRARY = "libc++";
				CLANG_ENABLE_MODULES = YES;
				CLANG_ENABLE_OBJC_ARC = YES;
				CLANG_WARN_BLOCK_CAPTURE_AUTORELEASING = YES;
				CLANG_WARN_BOOL_CONVERSION = YES;
				CLANG_WARN_COMMA = YES;
				CLANG_WARN_CONSTANT_CONVERSION = YES;
				CLANG_WARN_DIRECT_OBJC_ISA_USAGE = YES_ERROR;
				CLANG_WARN_DOCUMENTATION_COMMENTS = YES;
				CLANG_WARN_EMPTY_BODY = YES;
				CLANG_WARN_ENUM_CONVERSION = YES;
				CLANG_WARN_INFINITE_RECURSION = YES;
				CLANG_WARN_INT_CONVERSION = YES;
				CLANG_WARN_NON_LITERAL_NULL_CONVERSION = YES;
				CLANG_WARN_OBJC_LITERAL_CONVERSION = YES;
				CLANG_WARN_OBJC_ROOT_CLASS = YES_ERROR;
				CLANG_WARN_RANGE_LOOP_ANALYSIS = YES;
				CLANG_WARN_STRICT_PROTOTYPES = YES;
				CLANG_WARN_SUSPICIOUS_MOVE = YES;
				CLANG_WARN_UNGUARDED_AVAILABILITY = YES_AGGRESSIVE;
				CLANG_WARN_UNREACHABLE_CODE = YES;
				CLANG_WARN__DUPLICATE_METHOD_MATCH = YES;
				CODE_SIGN_IDENTITY = "iPhone Developer";
				COPY_PHASE_STRIP = NO;
				DEBUG_INFORMATION_FORMAT = dwarf;
				ENABLE_STRICT_OBJC_MSGSEND = YES;
				ENABLE_TESTABILITY = YES;
				GCC_C_LANGUAGE_STANDARD = gnu11;
				GCC_DYNAMIC_NO_PIC = NO;
				GCC_NO_COMMON_BLOCKS = YES;
				GCC_OPTIMIZATION_LEVEL = 0;
				GCC_PREPROCESSOR_DEFINITIONS = (
					"DEBUG=1",
					"$(inherited)",
				);
				GCC_WARN_64_TO_32_BIT_CONVERSION = YES;
				GCC_WARN_ABOUT_RETURN_TYPE = YES_ERROR;
				GCC_WARN_UNDECLARED_SELECTOR = YES;
				GCC_WARN_UNINITIALIZED_AUTOS = YES_AGGRESSIVE;
				GCC_WARN_UNUSED_FUNCTION = YES;
				GCC_WARN_UNUSED_VARIABLE = YES;
				IPHONEOS_DEPLOYMENT_TARGET = 11.2;
				MTL_ENABLE_DEBUG_INFO = YES;
				ONLY_ACTIVE_ARCH = YES;
				SDKROOT = iphoneos;
				SWIFT_ACTIVE_COMPILATION_CONDITIONS = DEBUG;
				SWIFT_OPTIMIZATION_LEVEL = "-Onone";
			};
			name = Debug;
		};
		FDCE71931FF27CD100D45025 /* Release */ = {
			isa = XCBuildConfiguration;
			buildSettings = {
				ALWAYS_SEARCH_USER_PATHS = NO;
				CLANG_ANALYZER_NONNULL = YES;
				CLANG_ANALYZER_NUMBER_OBJECT_CONVERSION = YES_AGGRESSIVE;
				CLANG_CXX_LANGUAGE_STANDARD = "gnu++14";
				CLANG_CXX_LIBRARY = "libc++";
				CLANG_ENABLE_MODULES = YES;
				CLANG_ENABLE_OBJC_ARC = YES;
				CLANG_WARN_BLOCK_CAPTURE_AUTORELEASING = YES;
				CLANG_WARN_BOOL_CONVERSION = YES;
				CLANG_WARN_COMMA = YES;
				CLANG_WARN_CONSTANT_CONVERSION = YES;
				CLANG_WARN_DIRECT_OBJC_ISA_USAGE = YES_ERROR;
				CLANG_WARN_DOCUMENTATION_COMMENTS = YES;
				CLANG_WARN_EMPTY_BODY = YES;
				CLANG_WARN_ENUM_CONVERSION = YES;
				CLANG_WARN_INFINITE_RECURSION = YES;
				CLANG_WARN_INT_CONVERSION = YES;
				CLANG_WARN_NON_LITERAL_NULL_CONVERSION = YES;
				CLANG_WARN_OBJC_LITERAL_CONVERSION = YES;
				CLANG_WARN_OBJC_ROOT_CLASS = YES_ERROR;
				CLANG_WARN_RANGE_LOOP_ANALYSIS = YES;
				CLANG_WARN_STRICT_PROTOTYPES = YES;
				CLANG_WARN_SUSPICIOUS_MOVE = YES;
				CLANG_WARN_UNGUARDED_AVAILABILITY = YES_AGGRESSIVE;
				CLANG_WARN_UNREACHABLE_CODE = YES;
				CLANG_WARN__DUPLICATE_METHOD_MATCH = YES;
				CODE_SIGN_IDENTITY = "iPhone Developer";
				COPY_PHASE_STRIP = NO;
				DEBUG_INFORMATION_FORMAT = "dwarf-with-dsym";
				ENABLE_NS_ASSERTIONS = NO;
				ENABLE_STRICT_OBJC_MSGSEND = YES;
				GCC_C_LANGUAGE_STANDARD = gnu11;
				GCC_NO_COMMON_BLOCKS = YES;
				GCC_WARN_64_TO_32_BIT_CONVERSION = YES;
				GCC_WARN_ABOUT_RETURN_TYPE = YES_ERROR;
				GCC_WARN_UNDECLARED_SELECTOR = YES;
				GCC_WARN_UNINITIALIZED_AUTOS = YES_AGGRESSIVE;
				GCC_WARN_UNUSED_FUNCTION = YES;
				GCC_WARN_UNUSED_VARIABLE = YES;
				IPHONEOS_DEPLOYMENT_TARGET = 11.2;
				MTL_ENABLE_DEBUG_INFO = NO;
				SDKROOT = iphoneos;
				SWIFT_OPTIMIZATION_LEVEL = "-Owholemodule";
				VALIDATE_PRODUCT = YES;
			};
			name = Release;
		};
		FDCE71951FF27CD100D45025 /* Debug */ = {
			isa = XCBuildConfiguration;
			buildSettings = {
				ASSETCATALOG_COMPILER_APPICON_NAME = AppIcon;
				CODE_SIGN_STYLE = Automatic;
				DEVELOPMENT_TEAM = S7Z9E7AHN7;
				INFOPLIST_FILE = JogoDaMemoria/Info.plist;
				LD_RUNPATH_SEARCH_PATHS = "$(inherited) @executable_path/Frameworks";
				PRODUCT_BUNDLE_IDENTIFIER = br.com.rfilomeno.JogoDaMemoria;
				PRODUCT_NAME = "$(TARGET_NAME)";
				SWIFT_VERSION = 4.0;
				TARGETED_DEVICE_FAMILY = "1,2";
			};
			name = Debug;
		};
		FDCE71961FF27CD100D45025 /* Release */ = {
			isa = XCBuildConfiguration;
			buildSettings = {
				ASSETCATALOG_COMPILER_APPICON_NAME = AppIcon;
				CODE_SIGN_STYLE = Automatic;
				DEVELOPMENT_TEAM = S7Z9E7AHN7;
				INFOPLIST_FILE = JogoDaMemoria/Info.plist;
				LD_RUNPATH_SEARCH_PATHS = "$(inherited) @executable_path/Frameworks";
				PRODUCT_BUNDLE_IDENTIFIER = br.com.rfilomeno.JogoDaMemoria;
				PRODUCT_NAME = "$(TARGET_NAME)";
				SWIFT_VERSION = 4.0;
				TARGETED_DEVICE_FAMILY = "1,2";
			};
			name = Release;
		};
/* End XCBuildConfiguration section */

/* Begin XCConfigurationList section */
		FDCE717D1FF27CD100D45025 /* Build configuration list for PBXProject "JogoDaMemoria" */ = {
			isa = XCConfigurationList;
			buildConfigurations = (
				FDCE71921FF27CD100D45025 /* Debug */,
				FDCE71931FF27CD100D45025 /* Release */,
			);
			defaultConfigurationIsVisible = 0;
			defaultConfigurationName = Release;
		};
		FDCE71941FF27CD100D45025 /* Build configuration list for PBXNativeTarget "JogoDaMemoria" */ = {
			isa = XCConfigurationList;
			buildConfigurations = (
				FDCE71951FF27CD100D45025 /* Debug */,
				FDCE71961FF27CD100D45025 /* Release */,
			);
			defaultConfigurationIsVisible = 0;
			defaultConfigurationName = Release;
		};
/* End XCConfigurationList section */
	};
	rootObject = FDCE717A1FF27CD100D45025 /* Project object */;
}
